
Microsoft Visual Studio Solution File, Format Version 12.00
# Visual Studio 14
VisualStudioVersion = 14.0.25420.1
MinimumVisualStudioVersion = 10.0.40219.1
Project("{FAE04EC0-301F-11D3-BF4B-00C04F79EFBC}") = "FunShop.UnitTests", "FunShop.UnitTests\FunShop.UnitTests.csproj", "{5F43596A-E65F-47AB-8E06-BB063519F635}"
EndProject
Project("{FAE04EC0-301F-11D3-BF4B-00C04F79EFBC}") = "FunShop.Domain", "FunShop.Domain\FunShop.Domain.csproj", "{FD34EDDD-AF31-435E-8A50-BC88A748BA01}"
EndProject
Global
	GlobalSection(SolutionConfigurationPlatforms) = preSolution
		Debug|Any CPU = Debug|Any CPU
		Release|Any CPU = Release|Any CPU
	EndGlobalSection
	GlobalSection(ProjectConfigurationPlatforms) = postSolution
		{5F43596A-E65F-47AB-8E06-BB063519F635}.Debug|Any CPU.ActiveCfg = Debug|Any CPU
		{5F43596A-E65F-47AB-8E06-BB063519F635}.Debug|Any CPU.Build.0 = Debug|Any CPU
		{5F43596A-E65F-47AB-8E06-BB063519F635}.Release|Any CPU.ActiveCfg = Release|Any CPU
		{5F43596A-E65F-47AB-8E06-BB063519F635}.Release|Any CPU.Build.0 = Release|Any CPU
		{FD34EDDD-AF31-435E-8A50-BC88A748BA01}.Debug|Any CPU.ActiveCfg = Debug|Any CPU
		{FD34EDDD-AF31-435E-8A50-BC88A748BA01}.Debug|Any CPU.Build.0 = Debug|Any CPU
		{FD34EDDD-AF31-435E-8A50-BC88A748BA01}.Release|Any CPU.ActiveCfg = Release|Any CPU
		{FD34EDDD-AF31-435E-8A50-BC88A748BA01}.Release|Any CPU.Build.0 = Release|Any CPU
	EndGlobalSection
	GlobalSection(SolutionProperties) = preSolution
		HideSolutionNode = FALSE
	EndGlobalSection
EndGlobal
